
Microsoft Visual Studio Solution File, Format Version 12.00
# Visual Studio 14
VisualStudioVersion = 14.0.25420.1
MinimumVisualStudioVersion = 10.0.40219.1
Project("{8BC9CEB8-8B4A-11D0-8D11-00A0C91BC942}") = "RangeBasedFor", "RangeBasedFor\RangeBasedFor.vcxproj", "{B4D0A3C7-200B-4E25-AE09-61C65908528F}"
EndProject
Project("{8BC9CEB8-8B4A-11D0-8D11-00A0C91BC942}") = "public", "public\public.vcxproj", "{FA73C939-1683-435C-8CB7-FBCD24166A74}"
EndProject
Project("{8BC9CEB8-8B4A-11D0-8D11-00A0C91BC942}") = "StringLiteal", "StringLiteal\StringLiteal.vcxproj", "{CA77CDF0-21DB-4663-98A6-37CF1229F6D1}"
EndProject
Project("{8BC9CEB8-8B4A-11D0-8D11-00A0C91BC942}") = "MinAndMax", "MinAndMax\MinAndMax.vcxproj", "{369DADBF-333B-4820-A170-70A5C89724AA}"
EndProject
Project("{8BC9CEB8-8B4A-11D0-8D11-00A0C91BC942}") = "swap", "swap\swap.vcxproj", "{7059A662-2E80-49B2-AC09-FED976B4F966}"
EndProject
Project("{8BC9CEB8-8B4A-11D0-8D11-00A0C91BC942}") = "Deque", "Deque\Deque.vcxproj", "{64AB4FEB-C135-43AA-812B-F792BD9ED350}"
EndProject
Project("{8BC9CEB8-8B4A-11D0-8D11-00A0C91BC942}") = "algorithm_one", "algorithm_one\algorithm_one.vcxproj", "{68085CBD-6C61-41CF-9D45-B08E17F5F484}"
EndProject
Project("{8BC9CEB8-8B4A-11D0-8D11-00A0C91BC942}") = "InsertIterator", "inserter\inserter.vcxproj", "{9B8D44D7-7A6B-4760-8A30-A605C5D51AF4}"
EndProject
Project("{8BC9CEB8-8B4A-11D0-8D11-00A0C91BC942}") = "StreamIterator", "StreamIterator\StreamIterator.vcxproj", "{99688239-73CD-4F95-90E2-E5F98D4F3D4D}"
EndProject
Project("{8BC9CEB8-8B4A-11D0-8D11-00A0C91BC942}") = "ReverseIterator", "ReverseIterator\ReverseIterator.vcxproj", "{86939CFB-ED01-423C-956C-814AA51560D2}"
EndProject
Project("{8BC9CEB8-8B4A-11D0-8D11-00A0C91BC942}") = "remove", "remove\remove.vcxproj", "{32D70C08-47F6-41BF-A8B1-07F499169CE6}"
EndProject
Project("{8BC9CEB8-8B4A-11D0-8D11-00A0C91BC942}") = "for_each", "for_each\for_each.vcxproj", "{3C77FFFF-1B4A-45BE-B543-A3D672FE460D}"
EndProject
Project("{8BC9CEB8-8B4A-11D0-8D11-00A0C91BC942}") = "transfrom", "transfrom\transfrom.vcxproj", "{33F0DC11-BCFD-4C56-97DF-1C11EDBE6E51}"
EndProject
Project("{8BC9CEB8-8B4A-11D0-8D11-00A0C91BC942}") = "find_if", "find_if\find_if.vcxproj", "{6F67BEAD-6E0C-4E71-BFE0-B7CB5A5AC7B6}"
EndProject
Project("{8BC9CEB8-8B4A-11D0-8D11-00A0C91BC942}") = "functors", "functors\functors.vcxproj", "{41D27560-E21B-467D-A94C-29920BC45679}"
EndProject
Project("{8BC9CEB8-8B4A-11D0-8D11-00A0C91BC942}") = "vector", "vector\vector.vcxproj", "{F0CE86AD-E99C-4B3D-BA9B-C22FA93665CF}"
EndProject
Project("{8BC9CEB8-8B4A-11D0-8D11-00A0C91BC942}") = "list", "list\list.vcxproj", "{3FCE6234-0975-4E48-AC82-91EE0BFC86AC}"
EndProject
Project("{8BC9CEB8-8B4A-11D0-8D11-00A0C91BC942}") = "set", "set\set.vcxproj", "{E6370900-2709-495F-A9CB-4C86E276903D}"
EndProject
Project("{8BC9CEB8-8B4A-11D0-8D11-00A0C91BC942}") = "multimap", "multimap\multimap.vcxproj", "{FEF479E2-FA92-4780-916A-0F7523CAC347}"
EndProject
Project("{8BC9CEB8-8B4A-11D0-8D11-00A0C91BC942}") = "map", "map\map.vcxproj", "{6A15D810-A135-49A3-81DB-4120F0FD4AB3}"
EndProject
Project("{8BC9CEB8-8B4A-11D0-8D11-00A0C91BC942}") = "array", "array\array.vcxproj", "{F641DF39-932F-46FF-9759-11340EBC70C1}"
EndProject
Project("{8BC9CEB8-8B4A-11D0-8D11-00A0C91BC942}") = "advance", "advance\advance.vcxproj", "{62902E40-96FA-4949-B519-1F8B2533E458}"
EndProject
Project("{8BC9CEB8-8B4A-11D0-8D11-00A0C91BC942}") = "distance", "distance\distance.vcxproj", "{CAA65AA0-CC73-433D-BDBD-088EBDFD31A8}"
EndProject
Project("{8BC9CEB8-8B4A-11D0-8D11-00A0C91BC942}") = "iter_swap", "iter_swap\iter_swap.vcxproj", "{5069F071-4D9E-4525-98B6-9CBA40EBB767}"
EndProject
Project("{8BC9CEB8-8B4A-11D0-8D11-00A0C91BC942}") = "algorithm", "algorithm\algorithm.vcxproj", "{6B63A95A-6C65-44C0-99B5-548FA9134D72}"
EndProject
Project("{8BC9CEB8-8B4A-11D0-8D11-00A0C91BC942}") = "stack", "stack\stack.vcxproj", "{9D9C0D99-DD72-414E-905B-40F0D8D7ECCA}"
EndProject
Project("{8BC9CEB8-8B4A-11D0-8D11-00A0C91BC942}") = "queue", "queue\queue.vcxproj", "{629C7F15-7AB0-472F-B2BC-5317EF575BCA}"
EndProject
Project("{8BC9CEB8-8B4A-11D0-8D11-00A0C91BC942}") = "priorityQueue", "priorityQueue\priorityQueue.vcxproj", "{41FA258F-4F6F-4670-9D76-561458675689}"
EndProject
Project("{8BC9CEB8-8B4A-11D0-8D11-00A0C91BC942}") = "bitset", "bitset\bitset.vcxproj", "{AA24FD88-3B7D-49A2-97D6-07A4020F9E1C}"
EndProject
Project("{8BC9CEB8-8B4A-11D0-8D11-00A0C91BC942}") = "string", "string\string.vcxproj", "{FBA47F06-F020-4E0D-B66B-FAEAFC99A93E}"
EndProject
Global
	GlobalSection(SolutionConfigurationPlatforms) = preSolution
		Debug|x64 = Debug|x64
		Debug|x86 = Debug|x86
		Release|x64 = Release|x64
		Release|x86 = Release|x86
	EndGlobalSection
	GlobalSection(ProjectConfigurationPlatforms) = postSolution
		{B4D0A3C7-200B-4E25-AE09-61C65908528F}.Debug|x64.ActiveCfg = Debug|x64
		{B4D0A3C7-200B-4E25-AE09-61C65908528F}.Debug|x64.Build.0 = Debug|x64
		{B4D0A3C7-200B-4E25-AE09-61C65908528F}.Debug|x86.ActiveCfg = Debug|Win32
		{B4D0A3C7-200B-4E25-AE09-61C65908528F}.Debug|x86.Build.0 = Debug|Win32
		{B4D0A3C7-200B-4E25-AE09-61C65908528F}.Release|x64.ActiveCfg = Release|x64
		{B4D0A3C7-200B-4E25-AE09-61C65908528F}.Release|x64.Build.0 = Release|x64
		{B4D0A3C7-200B-4E25-AE09-61C65908528F}.Release|x86.ActiveCfg = Release|Win32
		{B4D0A3C7-200B-4E25-AE09-61C65908528F}.Release|x86.Build.0 = Release|Win32
		{FA73C939-1683-435C-8CB7-FBCD24166A74}.Debug|x64.ActiveCfg = Debug|x64
		{FA73C939-1683-435C-8CB7-FBCD24166A74}.Debug|x64.Build.0 = Debug|x64
		{FA73C939-1683-435C-8CB7-FBCD24166A74}.Debug|x86.ActiveCfg = Debug|Win32
		{FA73C939-1683-435C-8CB7-FBCD24166A74}.Debug|x86.Build.0 = Debug|Win32
		{FA73C939-1683-435C-8CB7-FBCD24166A74}.Release|x64.ActiveCfg = Release|x64
		{FA73C939-1683-435C-8CB7-FBCD24166A74}.Release|x64.Build.0 = Release|x64
		{FA73C939-1683-435C-8CB7-FBCD24166A74}.Release|x86.ActiveCfg = Release|Win32
		{FA73C939-1683-435C-8CB7-FBCD24166A74}.Release|x86.Build.0 = Release|Win32
		{CA77CDF0-21DB-4663-98A6-37CF1229F6D1}.Debug|x64.ActiveCfg = Debug|x64
		{CA77CDF0-21DB-4663-98A6-37CF1229F6D1}.Debug|x64.Build.0 = Debug|x64
		{CA77CDF0-21DB-4663-98A6-37CF1229F6D1}.Debug|x86.ActiveCfg = Debug|Win32
		{CA77CDF0-21DB-4663-98A6-37CF1229F6D1}.Debug|x86.Build.0 = Debug|Win32
		{CA77CDF0-21DB-4663-98A6-37CF1229F6D1}.Release|x64.ActiveCfg = Release|x64
		{CA77CDF0-21DB-4663-98A6-37CF1229F6D1}.Release|x64.Build.0 = Release|x64
		{CA77CDF0-21DB-4663-98A6-37CF1229F6D1}.Release|x86.ActiveCfg = Release|Win32
		{CA77CDF0-21DB-4663-98A6-37CF1229F6D1}.Release|x86.Build.0 = Release|Win32
		{369DADBF-333B-4820-A170-70A5C89724AA}.Debug|x64.ActiveCfg = Debug|x64
		{369DADBF-333B-4820-A170-70A5C89724AA}.Debug|x64.Build.0 = Debug|x64
		{369DADBF-333B-4820-A170-70A5C89724AA}.Debug|x86.ActiveCfg = Debug|Win32
		{369DADBF-333B-4820-A170-70A5C89724AA}.Debug|x86.Build.0 = Debug|Win32
		{369DADBF-333B-4820-A170-70A5C89724AA}.Release|x64.ActiveCfg = Release|x64
		{369DADBF-333B-4820-A170-70A5C89724AA}.Release|x64.Build.0 = Release|x64
		{369DADBF-333B-4820-A170-70A5C89724AA}.Release|x86.ActiveCfg = Release|Win32
		{369DADBF-333B-4820-A170-70A5C89724AA}.Release|x86.Build.0 = Release|Win32
		{7059A662-2E80-49B2-AC09-FED976B4F966}.Debug|x64.ActiveCfg = Debug|x64
		{7059A662-2E80-49B2-AC09-FED976B4F966}.Debug|x64.Build.0 = Debug|x64
		{7059A662-2E80-49B2-AC09-FED976B4F966}.Debug|x86.ActiveCfg = Debug|Win32
		{7059A662-2E80-49B2-AC09-FED976B4F966}.Debug|x86.Build.0 = Debug|Win32
		{7059A662-2E80-49B2-AC09-FED976B4F966}.Release|x64.ActiveCfg = Release|x64
		{7059A662-2E80-49B2-AC09-FED976B4F966}.Release|x64.Build.0 = Release|x64
		{7059A662-2E80-49B2-AC09-FED976B4F966}.Release|x86.ActiveCfg = Release|Win32
		{7059A662-2E80-49B2-AC09-FED976B4F966}.Release|x86.Build.0 = Release|Win32
		{64AB4FEB-C135-43AA-812B-F792BD9ED350}.Debug|x64.ActiveCfg = Debug|x64
		{64AB4FEB-C135-43AA-812B-F792BD9ED350}.Debug|x64.Build.0 = Debug|x64
		{64AB4FEB-C135-43AA-812B-F792BD9ED350}.Debug|x86.ActiveCfg = Debug|Win32
		{64AB4FEB-C135-43AA-812B-F792BD9ED350}.Debug|x86.Build.0 = Debug|Win32
		{64AB4FEB-C135-43AA-812B-F792BD9ED350}.Release|x64.ActiveCfg = Release|x64
		{64AB4FEB-C135-43AA-812B-F792BD9ED350}.Release|x64.Build.0 = Release|x64
		{64AB4FEB-C135-43AA-812B-F792BD9ED350}.Release|x86.ActiveCfg = Release|Win32
		{64AB4FEB-C135-43AA-812B-F792BD9ED350}.Release|x86.Build.0 = Release|Win32
		{68085CBD-6C61-41CF-9D45-B08E17F5F484}.Debug|x64.ActiveCfg = Debug|x64
		{68085CBD-6C61-41CF-9D45-B08E17F5F484}.Debug|x64.Build.0 = Debug|x64
		{68085CBD-6C61-41CF-9D45-B08E17F5F484}.Debug|x86.ActiveCfg = Debug|Win32
		{68085CBD-6C61-41CF-9D45-B08E17F5F484}.Debug|x86.Build.0 = Debug|Win32
		{68085CBD-6C61-41CF-9D45-B08E17F5F484}.Release|x64.ActiveCfg = Release|x64
		{68085CBD-6C61-41CF-9D45-B08E17F5F484}.Release|x64.Build.0 = Release|x64
		{68085CBD-6C61-41CF-9D45-B08E17F5F484}.Release|x86.ActiveCfg = Release|Win32
		{68085CBD-6C61-41CF-9D45-B08E17F5F484}.Release|x86.Build.0 = Release|Win32
		{9B8D44D7-7A6B-4760-8A30-A605C5D51AF4}.Debug|x64.ActiveCfg = Debug|x64
		{9B8D44D7-7A6B-4760-8A30-A605C5D51AF4}.Debug|x64.Build.0 = Debug|x64
		{9B8D44D7-7A6B-4760-8A30-A605C5D51AF4}.Debug|x86.ActiveCfg = Debug|Win32
		{9B8D44D7-7A6B-4760-8A30-A605C5D51AF4}.Debug|x86.Build.0 = Debug|Win32
		{9B8D44D7-7A6B-4760-8A30-A605C5D51AF4}.Release|x64.ActiveCfg = Release|x64
		{9B8D44D7-7A6B-4760-8A30-A605C5D51AF4}.Release|x64.Build.0 = Release|x64
		{9B8D44D7-7A6B-4760-8A30-A605C5D51AF4}.Release|x86.ActiveCfg = Release|Win32
		{9B8D44D7-7A6B-4760-8A30-A605C5D51AF4}.Release|x86.Build.0 = Release|Win32
		{99688239-73CD-4F95-90E2-E5F98D4F3D4D}.Debug|x64.ActiveCfg = Debug|x64
		{99688239-73CD-4F95-90E2-E5F98D4F3D4D}.Debug|x64.Build.0 = Debug|x64
		{99688239-73CD-4F95-90E2-E5F98D4F3D4D}.Debug|x86.ActiveCfg = Debug|Win32
		{99688239-73CD-4F95-90E2-E5F98D4F3D4D}.Debug|x86.Build.0 = Debug|Win32
		{99688239-73CD-4F95-90E2-E5F98D4F3D4D}.Release|x64.ActiveCfg = Release|x64
		{99688239-73CD-4F95-90E2-E5F98D4F3D4D}.Release|x64.Build.0 = Release|x64
		{99688239-73CD-4F95-90E2-E5F98D4F3D4D}.Release|x86.ActiveCfg = Release|Win32
		{99688239-73CD-4F95-90E2-E5F98D4F3D4D}.Release|x86.Build.0 = Release|Win32
		{86939CFB-ED01-423C-956C-814AA51560D2}.Debug|x64.ActiveCfg = Debug|x64
		{86939CFB-ED01-423C-956C-814AA51560D2}.Debug|x64.Build.0 = Debug|x64
		{86939CFB-ED01-423C-956C-814AA51560D2}.Debug|x86.ActiveCfg = Debug|Win32
		{86939CFB-ED01-423C-956C-814AA51560D2}.Debug|x86.Build.0 = Debug|Win32
		{86939CFB-ED01-423C-956C-814AA51560D2}.Release|x64.ActiveCfg = Release|x64
		{86939CFB-ED01-423C-956C-814AA51560D2}.Release|x64.Build.0 = Release|x64
		{86939CFB-ED01-423C-956C-814AA51560D2}.Release|x86.ActiveCfg = Release|Win32
		{86939CFB-ED01-423C-956C-814AA51560D2}.Release|x86.Build.0 = Release|Win32
		{32D70C08-47F6-41BF-A8B1-07F499169CE6}.Debug|x64.ActiveCfg = Debug|x64
		{32D70C08-47F6-41BF-A8B1-07F499169CE6}.Debug|x64.Build.0 = Debug|x64
		{32D70C08-47F6-41BF-A8B1-07F499169CE6}.Debug|x86.ActiveCfg = Debug|Win32
		{32D70C08-47F6-41BF-A8B1-07F499169CE6}.Debug|x86.Build.0 = Debug|Win32
		{32D70C08-47F6-41BF-A8B1-07F499169CE6}.Release|x64.ActiveCfg = Release|x64
		{32D70C08-47F6-41BF-A8B1-07F499169CE6}.Release|x64.Build.0 = Release|x64
		{32D70C08-47F6-41BF-A8B1-07F499169CE6}.Release|x86.ActiveCfg = Release|Win32
		{32D70C08-47F6-41BF-A8B1-07F499169CE6}.Release|x86.Build.0 = Release|Win32
		{3C77FFFF-1B4A-45BE-B543-A3D672FE460D}.Debug|x64.ActiveCfg = Debug|x64
		{3C77FFFF-1B4A-45BE-B543-A3D672FE460D}.Debug|x64.Build.0 = Debug|x64
		{3C77FFFF-1B4A-45BE-B543-A3D672FE460D}.Debug|x86.ActiveCfg = Debug|Win32
		{3C77FFFF-1B4A-45BE-B543-A3D672FE460D}.Debug|x86.Build.0 = Debug|Win32
		{3C77FFFF-1B4A-45BE-B543-A3D672FE460D}.Release|x64.ActiveCfg = Release|x64
		{3C77FFFF-1B4A-45BE-B543-A3D672FE460D}.Release|x64.Build.0 = Release|x64
		{3C77FFFF-1B4A-45BE-B543-A3D672FE460D}.Release|x86.ActiveCfg = Release|Win32
		{3C77FFFF-1B4A-45BE-B543-A3D672FE460D}.Release|x86.Build.0 = Release|Win32
		{33F0DC11-BCFD-4C56-97DF-1C11EDBE6E51}.Debug|x64.ActiveCfg = Debug|x64
		{33F0DC11-BCFD-4C56-97DF-1C11EDBE6E51}.Debug|x64.Build.0 = Debug|x64
		{33F0DC11-BCFD-4C56-97DF-1C11EDBE6E51}.Debug|x86.ActiveCfg = Debug|Win32
		{33F0DC11-BCFD-4C56-97DF-1C11EDBE6E51}.Debug|x86.Build.0 = Debug|Win32
		{33F0DC11-BCFD-4C56-97DF-1C11EDBE6E51}.Release|x64.ActiveCfg = Release|x64
		{33F0DC11-BCFD-4C56-97DF-1C11EDBE6E51}.Release|x64.Build.0 = Release|x64
		{33F0DC11-BCFD-4C56-97DF-1C11EDBE6E51}.Release|x86.ActiveCfg = Release|Win32
		{33F0DC11-BCFD-4C56-97DF-1C11EDBE6E51}.Release|x86.Build.0 = Release|Win32
		{6F67BEAD-6E0C-4E71-BFE0-B7CB5A5AC7B6}.Debug|x64.ActiveCfg = Debug|x64
		{6F67BEAD-6E0C-4E71-BFE0-B7CB5A5AC7B6}.Debug|x64.Build.0 = Debug|x64
		{6F67BEAD-6E0C-4E71-BFE0-B7CB5A5AC7B6}.Debug|x86.ActiveCfg = Debug|Win32
		{6F67BEAD-6E0C-4E71-BFE0-B7CB5A5AC7B6}.Debug|x86.Build.0 = Debug|Win32
		{6F67BEAD-6E0C-4E71-BFE0-B7CB5A5AC7B6}.Release|x64.ActiveCfg = Release|x64
		{6F67BEAD-6E0C-4E71-BFE0-B7CB5A5AC7B6}.Release|x64.Build.0 = Release|x64
		{6F67BEAD-6E0C-4E71-BFE0-B7CB5A5AC7B6}.Release|x86.ActiveCfg = Release|Win32
		{6F67BEAD-6E0C-4E71-BFE0-B7CB5A5AC7B6}.Release|x86.Build.0 = Release|Win32
		{41D27560-E21B-467D-A94C-29920BC45679}.Debug|x64.ActiveCfg = Debug|x64
		{41D27560-E21B-467D-A94C-29920BC45679}.Debug|x64.Build.0 = Debug|x64
		{41D27560-E21B-467D-A94C-29920BC45679}.Debug|x86.ActiveCfg = Debug|Win32
		{41D27560-E21B-467D-A94C-29920BC45679}.Debug|x86.Build.0 = Debug|Win32
		{41D27560-E21B-467D-A94C-29920BC45679}.Release|x64.ActiveCfg = Release|x64
		{41D27560-E21B-467D-A94C-29920BC45679}.Release|x64.Build.0 = Release|x64
		{41D27560-E21B-467D-A94C-29920BC45679}.Release|x86.ActiveCfg = Release|Win32
		{41D27560-E21B-467D-A94C-29920BC45679}.Release|x86.Build.0 = Release|Win32
		{F0CE86AD-E99C-4B3D-BA9B-C22FA93665CF}.Debug|x64.ActiveCfg = Debug|x64
		{F0CE86AD-E99C-4B3D-BA9B-C22FA93665CF}.Debug|x64.Build.0 = Debug|x64
		{F0CE86AD-E99C-4B3D-BA9B-C22FA93665CF}.Debug|x86.ActiveCfg = Debug|Win32
		{F0CE86AD-E99C-4B3D-BA9B-C22FA93665CF}.Debug|x86.Build.0 = Debug|Win32
		{F0CE86AD-E99C-4B3D-BA9B-C22FA93665CF}.Release|x64.ActiveCfg = Release|x64
		{F0CE86AD-E99C-4B3D-BA9B-C22FA93665CF}.Release|x64.Build.0 = Release|x64
		{F0CE86AD-E99C-4B3D-BA9B-C22FA93665CF}.Release|x86.ActiveCfg = Release|Win32
		{F0CE86AD-E99C-4B3D-BA9B-C22FA93665CF}.Release|x86.Build.0 = Release|Win32
		{3FCE6234-0975-4E48-AC82-91EE0BFC86AC}.Debug|x64.ActiveCfg = Debug|x64
		{3FCE6234-0975-4E48-AC82-91EE0BFC86AC}.Debug|x64.Build.0 = Debug|x64
		{3FCE6234-0975-4E48-AC82-91EE0BFC86AC}.Debug|x86.ActiveCfg = Debug|Win32
		{3FCE6234-0975-4E48-AC82-91EE0BFC86AC}.Debug|x86.Build.0 = Debug|Win32
		{3FCE6234-0975-4E48-AC82-91EE0BFC86AC}.Release|x64.ActiveCfg = Release|x64
		{3FCE6234-0975-4E48-AC82-91EE0BFC86AC}.Release|x64.Build.0 = Release|x64
		{3FCE6234-0975-4E48-AC82-91EE0BFC86AC}.Release|x86.ActiveCfg = Release|Win32
		{3FCE6234-0975-4E48-AC82-91EE0BFC86AC}.Release|x86.Build.0 = Release|Win32
		{E6370900-2709-495F-A9CB-4C86E276903D}.Debug|x64.ActiveCfg = Debug|x64
		{E6370900-2709-495F-A9CB-4C86E276903D}.Debug|x64.Build.0 = Debug|x64
		{E6370900-2709-495F-A9CB-4C86E276903D}.Debug|x86.ActiveCfg = Debug|Win32
		{E6370900-2709-495F-A9CB-4C86E276903D}.Debug|x86.Build.0 = Debug|Win32
		{E6370900-2709-495F-A9CB-4C86E276903D}.Release|x64.ActiveCfg = Release|x64
		{E6370900-2709-495F-A9CB-4C86E276903D}.Release|x64.Build.0 = Release|x64
		{E6370900-2709-495F-A9CB-4C86E276903D}.Release|x86.ActiveCfg = Release|Win32
		{E6370900-2709-495F-A9CB-4C86E276903D}.Release|x86.Build.0 = Release|Win32
		{FEF479E2-FA92-4780-916A-0F7523CAC347}.Debug|x64.ActiveCfg = Debug|x64
		{FEF479E2-FA92-4780-916A-0F7523CAC347}.Debug|x64.Build.0 = Debug|x64
		{FEF479E2-FA92-4780-916A-0F7523CAC347}.Debug|x86.ActiveCfg = Debug|Win32
		{FEF479E2-FA92-4780-916A-0F7523CAC347}.Debug|x86.Build.0 = Debug|Win32
		{FEF479E2-FA92-4780-916A-0F7523CAC347}.Release|x64.ActiveCfg = Release|x64
		{FEF479E2-FA92-4780-916A-0F7523CAC347}.Release|x64.Build.0 = Release|x64
		{FEF479E2-FA92-4780-916A-0F7523CAC347}.Release|x86.ActiveCfg = Release|Win32
		{FEF479E2-FA92-4780-916A-0F7523CAC347}.Release|x86.Build.0 = Release|Win32
		{6A15D810-A135-49A3-81DB-4120F0FD4AB3}.Debug|x64.ActiveCfg = Debug|x64
		{6A15D810-A135-49A3-81DB-4120F0FD4AB3}.Debug|x64.Build.0 = Debug|x64
		{6A15D810-A135-49A3-81DB-4120F0FD4AB3}.Debug|x86.ActiveCfg = Debug|Win32
		{6A15D810-A135-49A3-81DB-4120F0FD4AB3}.Debug|x86.Build.0 = Debug|Win32
		{6A15D810-A135-49A3-81DB-4120F0FD4AB3}.Release|x64.ActiveCfg = Release|x64
		{6A15D810-A135-49A3-81DB-4120F0FD4AB3}.Release|x64.Build.0 = Release|x64
		{6A15D810-A135-49A3-81DB-4120F0FD4AB3}.Release|x86.ActiveCfg = Release|Win32
		{6A15D810-A135-49A3-81DB-4120F0FD4AB3}.Release|x86.Build.0 = Release|Win32
		{F641DF39-932F-46FF-9759-11340EBC70C1}.Debug|x64.ActiveCfg = Debug|x64
		{F641DF39-932F-46FF-9759-11340EBC70C1}.Debug|x64.Build.0 = Debug|x64
		{F641DF39-932F-46FF-9759-11340EBC70C1}.Debug|x86.ActiveCfg = Debug|Win32
		{F641DF39-932F-46FF-9759-11340EBC70C1}.Debug|x86.Build.0 = Debug|Win32
		{F641DF39-932F-46FF-9759-11340EBC70C1}.Release|x64.ActiveCfg = Release|x64
		{F641DF39-932F-46FF-9759-11340EBC70C1}.Release|x64.Build.0 = Release|x64
		{F641DF39-932F-46FF-9759-11340EBC70C1}.Release|x86.ActiveCfg = Release|Win32
		{F641DF39-932F-46FF-9759-11340EBC70C1}.Release|x86.Build.0 = Release|Win32
		{62902E40-96FA-4949-B519-1F8B2533E458}.Debug|x64.ActiveCfg = Debug|x64
		{62902E40-96FA-4949-B519-1F8B2533E458}.Debug|x64.Build.0 = Debug|x64
		{62902E40-96FA-4949-B519-1F8B2533E458}.Debug|x86.ActiveCfg = Debug|Win32
		{62902E40-96FA-4949-B519-1F8B2533E458}.Debug|x86.Build.0 = Debug|Win32
		{62902E40-96FA-4949-B519-1F8B2533E458}.Release|x64.ActiveCfg = Release|x64
		{62902E40-96FA-4949-B519-1F8B2533E458}.Release|x64.Build.0 = Release|x64
		{62902E40-96FA-4949-B519-1F8B2533E458}.Release|x86.ActiveCfg = Release|Win32
		{62902E40-96FA-4949-B519-1F8B2533E458}.Release|x86.Build.0 = Release|Win32
		{CAA65AA0-CC73-433D-BDBD-088EBDFD31A8}.Debug|x64.ActiveCfg = Debug|x64
		{CAA65AA0-CC73-433D-BDBD-088EBDFD31A8}.Debug|x64.Build.0 = Debug|x64
		{CAA65AA0-CC73-433D-BDBD-088EBDFD31A8}.Debug|x86.ActiveCfg = Debug|Win32
		{CAA65AA0-CC73-433D-BDBD-088EBDFD31A8}.Debug|x86.Build.0 = Debug|Win32
		{CAA65AA0-CC73-433D-BDBD-088EBDFD31A8}.Release|x64.ActiveCfg = Release|x64
		{CAA65AA0-CC73-433D-BDBD-088EBDFD31A8}.Release|x64.Build.0 = Release|x64
		{CAA65AA0-CC73-433D-BDBD-088EBDFD31A8}.Release|x86.ActiveCfg = Release|Win32
		{CAA65AA0-CC73-433D-BDBD-088EBDFD31A8}.Release|x86.Build.0 = Release|Win32
		{5069F071-4D9E-4525-98B6-9CBA40EBB767}.Debug|x64.ActiveCfg = Debug|x64
		{5069F071-4D9E-4525-98B6-9CBA40EBB767}.Debug|x64.Build.0 = Debug|x64
		{5069F071-4D9E-4525-98B6-9CBA40EBB767}.Debug|x86.ActiveCfg = Debug|Win32
		{5069F071-4D9E-4525-98B6-9CBA40EBB767}.Debug|x86.Build.0 = Debug|Win32
		{5069F071-4D9E-4525-98B6-9CBA40EBB767}.Release|x64.ActiveCfg = Release|x64
		{5069F071-4D9E-4525-98B6-9CBA40EBB767}.Release|x64.Build.0 = Release|x64
		{5069F071-4D9E-4525-98B6-9CBA40EBB767}.Release|x86.ActiveCfg = Release|Win32
		{5069F071-4D9E-4525-98B6-9CBA40EBB767}.Release|x86.Build.0 = Release|Win32
		{6B63A95A-6C65-44C0-99B5-548FA9134D72}.Debug|x64.ActiveCfg = Debug|x64
		{6B63A95A-6C65-44C0-99B5-548FA9134D72}.Debug|x64.Build.0 = Debug|x64
		{6B63A95A-6C65-44C0-99B5-548FA9134D72}.Debug|x86.ActiveCfg = Debug|Win32
		{6B63A95A-6C65-44C0-99B5-548FA9134D72}.Debug|x86.Build.0 = Debug|Win32
		{6B63A95A-6C65-44C0-99B5-548FA9134D72}.Release|x64.ActiveCfg = Release|x64
		{6B63A95A-6C65-44C0-99B5-548FA9134D72}.Release|x64.Build.0 = Release|x64
		{6B63A95A-6C65-44C0-99B5-548FA9134D72}.Release|x86.ActiveCfg = Release|Win32
		{6B63A95A-6C65-44C0-99B5-548FA9134D72}.Release|x86.Build.0 = Release|Win32
		{9D9C0D99-DD72-414E-905B-40F0D8D7ECCA}.Debug|x64.ActiveCfg = Debug|x64
		{9D9C0D99-DD72-414E-905B-40F0D8D7ECCA}.Debug|x64.Build.0 = Debug|x64
		{9D9C0D99-DD72-414E-905B-40F0D8D7ECCA}.Debug|x86.ActiveCfg = Debug|Win32
		{9D9C0D99-DD72-414E-905B-40F0D8D7ECCA}.Debug|x86.Build.0 = Debug|Win32
		{9D9C0D99-DD72-414E-905B-40F0D8D7ECCA}.Release|x64.ActiveCfg = Release|x64
		{9D9C0D99-DD72-414E-905B-40F0D8D7ECCA}.Release|x64.Build.0 = Release|x64
		{9D9C0D99-DD72-414E-905B-40F0D8D7ECCA}.Release|x86.ActiveCfg = Release|Win32
		{9D9C0D99-DD72-414E-905B-40F0D8D7ECCA}.Release|x86.Build.0 = Release|Win32
		{629C7F15-7AB0-472F-B2BC-5317EF575BCA}.Debug|x64.ActiveCfg = Debug|x64
		{629C7F15-7AB0-472F-B2BC-5317EF575BCA}.Debug|x64.Build.0 = Debug|x64
		{629C7F15-7AB0-472F-B2BC-5317EF575BCA}.Debug|x86.ActiveCfg = Debug|Win32
		{629C7F15-7AB0-472F-B2BC-5317EF575BCA}.Debug|x86.Build.0 = Debug|Win32
		{629C7F15-7AB0-472F-B2BC-5317EF575BCA}.Release|x64.ActiveCfg = Release|x64
		{629C7F15-7AB0-472F-B2BC-5317EF575BCA}.Release|x64.Build.0 = Release|x64
		{629C7F15-7AB0-472F-B2BC-5317EF575BCA}.Release|x86.ActiveCfg = Release|Win32
		{629C7F15-7AB0-472F-B2BC-5317EF575BCA}.Release|x86.Build.0 = Release|Win32
		{41FA258F-4F6F-4670-9D76-561458675689}.Debug|x64.ActiveCfg = Debug|x64
		{41FA258F-4F6F-4670-9D76-561458675689}.Debug|x64.Build.0 = Debug|x64
		{41FA258F-4F6F-4670-9D76-561458675689}.Debug|x86.ActiveCfg = Debug|Win32
		{41FA258F-4F6F-4670-9D76-561458675689}.Debug|x86.Build.0 = Debug|Win32
		{41FA258F-4F6F-4670-9D76-561458675689}.Release|x64.ActiveCfg = Release|x64
		{41FA258F-4F6F-4670-9D76-561458675689}.Release|x64.Build.0 = Release|x64
		{41FA258F-4F6F-4670-9D76-561458675689}.Release|x86.ActiveCfg = Release|Win32
		{41FA258F-4F6F-4670-9D76-561458675689}.Release|x86.Build.0 = Release|Win32
		{AA24FD88-3B7D-49A2-97D6-07A4020F9E1C}.Debug|x64.ActiveCfg = Debug|x64
		{AA24FD88-3B7D-49A2-97D6-07A4020F9E1C}.Debug|x64.Build.0 = Debug|x64
		{AA24FD88-3B7D-49A2-97D6-07A4020F9E1C}.Debug|x86.ActiveCfg = Debug|Win32
		{AA24FD88-3B7D-49A2-97D6-07A4020F9E1C}.Debug|x86.Build.0 = Debug|Win32
		{AA24FD88-3B7D-49A2-97D6-07A4020F9E1C}.Release|x64.ActiveCfg = Release|x64
		{AA24FD88-3B7D-49A2-97D6-07A4020F9E1C}.Release|x64.Build.0 = Release|x64
		{AA24FD88-3B7D-49A2-97D6-07A4020F9E1C}.Release|x86.ActiveCfg = Release|Win32
		{AA24FD88-3B7D-49A2-97D6-07A4020F9E1C}.Release|x86.Build.0 = Release|Win32
		{FBA47F06-F020-4E0D-B66B-FAEAFC99A93E}.Debug|x64.ActiveCfg = Debug|x64
		{FBA47F06-F020-4E0D-B66B-FAEAFC99A93E}.Debug|x64.Build.0 = Debug|x64
		{FBA47F06-F020-4E0D-B66B-FAEAFC99A93E}.Debug|x86.ActiveCfg = Debug|Win32
		{FBA47F06-F020-4E0D-B66B-FAEAFC99A93E}.Debug|x86.Build.0 = Debug|Win32
		{FBA47F06-F020-4E0D-B66B-FAEAFC99A93E}.Release|x64.ActiveCfg = Release|x64
		{FBA47F06-F020-4E0D-B66B-FAEAFC99A93E}.Release|x64.Build.0 = Release|x64
		{FBA47F06-F020-4E0D-B66B-FAEAFC99A93E}.Release|x86.ActiveCfg = Release|Win32
		{FBA47F06-F020-4E0D-B66B-FAEAFC99A93E}.Release|x86.Build.0 = Release|Win32
	EndGlobalSection
	GlobalSection(SolutionProperties) = preSolution
		HideSolutionNode = FALSE
	EndGlobalSection
EndGlobal
